
Microsoft Visual Studio Solution File, Format Version 12.00
# Visual Studio Version 16
VisualStudioVersion = 16.0.32106.194
MinimumVisualStudioVersion = 10.0.40219.1
Project("{9A19103F-16F7-4668-BE54-9A1E7A4F7556}") = "MoreLoops", "MoreLoops\MoreLoops.csproj", "{9770F9B8-6AF3-4FEA-911C-F18BE977EA11}"
EndProject
Project("{9A19103F-16F7-4668-BE54-9A1E7A4F7556}") = "OROperator", "OROperator\OROperator.csproj", "{05F8C707-9F18-48CC-AEB0-F775F75EFB9F}"
EndProject
Project("{FAE04EC0-301F-11D3-BF4B-00C04F79EFBC}") = "ForLoop", "ForLoop\ForLoop.csproj", "{288B99C0-36B1-4BC1-91C0-1FD4945A326D}"
EndProject
Project("{FAE04EC0-301F-11D3-BF4B-00C04F79EFBC}") = "OneToTen", "OneToTen\OneToTen.csproj", "{0D8227EF-8C56-4DA8-8970-B799AF7798AE}"
EndProject
Project("{FAE04EC0-301F-11D3-BF4B-00C04F79EFBC}") = "TenToOne", "TenToOne\TenToOne.csproj", "{6FE0E752-377F-46D2-A7AA-87BDABA06263}"
EndProject
Project("{FAE04EC0-301F-11D3-BF4B-00C04F79EFBC}") = "ForLoopSum", "ForLoopSum\ForLoopSum.csproj", "{1EB4249D-08D1-4015-BC1E-6A42F96FA249}"
EndProject
Project("{FAE04EC0-301F-11D3-BF4B-00C04F79EFBC}") = "DiceGame", "DiceGame\DiceGame.csproj", "{6EB24E6B-E1E7-4B02-A4A4-E222BB8D3FB8}"
EndProject
Project("{FAE04EC0-301F-11D3-BF4B-00C04F79EFBC}") = "LogInValidation", "LogInValidation2\LogInValidation.csproj", "{98C4B5CD-98EF-4144-BA73-26D8E721716A}"
EndProject
Global
	GlobalSection(SolutionConfigurationPlatforms) = preSolution
		Debug|Any CPU = Debug|Any CPU
		Release|Any CPU = Release|Any CPU
	EndGlobalSection
	GlobalSection(ProjectConfigurationPlatforms) = postSolution
		{9770F9B8-6AF3-4FEA-911C-F18BE977EA11}.Debug|Any CPU.ActiveCfg = Debug|Any CPU
		{9770F9B8-6AF3-4FEA-911C-F18BE977EA11}.Debug|Any CPU.Build.0 = Debug|Any CPU
		{9770F9B8-6AF3-4FEA-911C-F18BE977EA11}.Release|Any CPU.ActiveCfg = Release|Any CPU
		{9770F9B8-6AF3-4FEA-911C-F18BE977EA11}.Release|Any CPU.Build.0 = Release|Any CPU
		{05F8C707-9F18-48CC-AEB0-F775F75EFB9F}.Debug|Any CPU.ActiveCfg = Debug|Any CPU
		{05F8C707-9F18-48CC-AEB0-F775F75EFB9F}.Debug|Any CPU.Build.0 = Debug|Any CPU
		{05F8C707-9F18-48CC-AEB0-F775F75EFB9F}.Release|Any CPU.ActiveCfg = Release|Any CPU
		{05F8C707-9F18-48CC-AEB0-F775F75EFB9F}.Release|Any CPU.Build.0 = Release|Any CPU
		{288B99C0-36B1-4BC1-91C0-1FD4945A326D}.Debug|Any CPU.ActiveCfg = Debug|Any CPU
		{288B99C0-36B1-4BC1-91C0-1FD4945A326D}.Debug|Any CPU.Build.0 = Debug|Any CPU
		{288B99C0-36B1-4BC1-91C0-1FD4945A326D}.Release|Any CPU.ActiveCfg = Release|Any CPU
		{288B99C0-36B1-4BC1-91C0-1FD4945A326D}.Release|Any CPU.Build.0 = Release|Any CPU
		{0D8227EF-8C56-4DA8-8970-B799AF7798AE}.Debug|Any CPU.ActiveCfg = Debug|Any CPU
		{0D8227EF-8C56-4DA8-8970-B799AF7798AE}.Debug|Any CPU.Build.0 = Debug|Any CPU
		{0D8227EF-8C56-4DA8-8970-B799AF7798AE}.Release|Any CPU.ActiveCfg = Release|Any CPU
		{0D8227EF-8C56-4DA8-8970-B799AF7798AE}.Release|Any CPU.Build.0 = Release|Any CPU
		{6FE0E752-377F-46D2-A7AA-87BDABA06263}.Debug|Any CPU.ActiveCfg = Debug|Any CPU
		{6FE0E752-377F-46D2-A7AA-87BDABA06263}.Debug|Any CPU.Build.0 = Debug|Any CPU
		{6FE0E752-377F-46D2-A7AA-87BDABA06263}.Release|Any CPU.ActiveCfg = Release|Any CPU
		{6FE0E752-377F-46D2-A7AA-87BDABA06263}.Release|Any CPU.Build.0 = Release|Any CPU
		{1EB4249D-08D1-4015-BC1E-6A42F96FA249}.Debug|Any CPU.ActiveCfg = Debug|Any CPU
		{1EB4249D-08D1-4015-BC1E-6A42F96FA249}.Debug|Any CPU.Build.0 = Debug|Any CPU
		{1EB4249D-08D1-4015-BC1E-6A42F96FA249}.Release|Any CPU.ActiveCfg = Release|Any CPU
		{1EB4249D-08D1-4015-BC1E-6A42F96FA249}.Release|Any CPU.Build.0 = Release|Any CPU
		{6EB24E6B-E1E7-4B02-A4A4-E222BB8D3FB8}.Debug|Any CPU.ActiveCfg = Debug|Any CPU
		{6EB24E6B-E1E7-4B02-A4A4-E222BB8D3FB8}.Debug|Any CPU.Build.0 = Debug|Any CPU
		{6EB24E6B-E1E7-4B02-A4A4-E222BB8D3FB8}.Release|Any CPU.ActiveCfg = Release|Any CPU
		{6EB24E6B-E1E7-4B02-A4A4-E222BB8D3FB8}.Release|Any CPU.Build.0 = Release|Any CPU
		{98C4B5CD-98EF-4144-BA73-26D8E721716A}.Debug|Any CPU.ActiveCfg = Debug|Any CPU
		{98C4B5CD-98EF-4144-BA73-26D8E721716A}.Debug|Any CPU.Build.0 = Debug|Any CPU
		{98C4B5CD-98EF-4144-BA73-26D8E721716A}.Release|Any CPU.ActiveCfg = Release|Any CPU
		{98C4B5CD-98EF-4144-BA73-26D8E721716A}.Release|Any CPU.Build.0 = Release|Any CPU
	EndGlobalSection
	GlobalSection(SolutionProperties) = preSolution
		HideSolutionNode = FALSE
	EndGlobalSection
	GlobalSection(ExtensibilityGlobals) = postSolution
		SolutionGuid = {1A2E8386-9DA0-4045-9654-6909228C01CE}
	EndGlobalSection
EndGlobal
